github.com/vyevs/vtools v0.0.13 h1:ncyg1fhtk/25DKHJxUfoDD9dtjkgINlv7C5s7ja8mac=
github.com/vyevs/vtools v0.0.13/go.mod h1:3fS13BRF4hndl05s3Bl2m6razdHekegSiKBAnoRiFd4=
golang.org/x/exp v0.0.0-20241009180824-f66d83c29e7c h1:7dEasQXItcW1xKJ2+gg5VOiBnqWrJc+rq0DPKyvvdbY=
golang.org/x/exp v0.0.0-20241009180824-f66d83c29e7c/go.mod h1:NQtJDoLvd6faHhE7m4T/1IY708gDefGGjR/iUW8yQQ8=
