github.com/vyevs/vtools v0.0.5 h1:786UthuSqRK7gxpgcFY2jpo/5i3KzoU8IMy44++UtA8=
github.com/vyevs/vtools v0.0.5/go.mod h1:3fS13BRF4hndl05s3Bl2m6razdHekegSiKBAnoRiFd4=
golang.org/x/exp v0.0.0-20241009180824-f66d83c29e7c h1:7dEasQXItcW1xKJ2+gg5VOiBnqWrJc+rq0DPKyvvdbY=
golang.org/x/exp v0.0.0-20241009180824-f66d83c29e7c/go.mod h1:NQtJDoLvd6faHhE7m4T/1IY708gDefGGjR/iUW8yQQ8=
