github.com/vyevs/vtools v0.0.0-20241021142854-5557c79a92ff h1:OLqf+F2/8PqQH0TEo1Q7gzaIvnXq6wd2iUO+aNtInfE=
github.com/vyevs/vtools v0.0.0-20241021142854-5557c79a92ff/go.mod h1:wLaX+q/r0thLjdY1apr1bIqO4QR/i71J9WmtOW04qXg=
github.com/vyevs/vtools v0.0.0-20241021144401-8e308a678df3 h1:QRkVyGqQHARu8K7C0WminDoWDTlnK6Z+jjA/Gb4flX4=
github.com/vyevs/vtools v0.0.0-20241021144401-8e308a678df3/go.mod h1:wLaX+q/r0thLjdY1apr1bIqO4QR/i71J9WmtOW04qXg=
